// !$*UTF8*$!
{
	archiveVersion = 1;
	classes = {
	};
	objectVersion = 55;
	objects = {

/* Begin PBXBuildFile section */
		745C6B7F28825FD600CBB7AA /* MeowApp.swift in Sources */ = {isa = PBXBuildFile; fileRef = 745C6B7E28825FD600CBB7AA /* MeowApp.swift */; };
		745C6B8128825FD600CBB7AA /* ContentView.swift in Sources */ = {isa = PBXBuildFile; fileRef = 745C6B8028825FD600CBB7AA /* ContentView.swift */; };
		745C6B8328825FD900CBB7AA /* Assets.xcassets in Resources */ = {isa = PBXBuildFile; fileRef = 745C6B8228825FD900CBB7AA /* Assets.xcassets */; };
		745C6B8628825FD900CBB7AA /* Preview Assets.xcassets in Resources */ = {isa = PBXBuildFile; fileRef = 745C6B8528825FD900CBB7AA /* Preview Assets.xcassets */; };
		745C6B9028825FD900CBB7AA /* MeowTests.swift in Sources */ = {isa = PBXBuildFile; fileRef = 745C6B8F28825FD900CBB7AA /* MeowTests.swift */; };
		745C6B9A28825FD900CBB7AA /* MeowUITests.swift in Sources */ = {isa = PBXBuildFile; fileRef = 745C6B9928825FD900CBB7AA /* MeowUITests.swift */; };
		745C6B9C28825FD900CBB7AA /* MeowUITestsLaunchTests.swift in Sources */ = {isa = PBXBuildFile; fileRef = 745C6B9B28825FD900CBB7AA /* MeowUITestsLaunchTests.swift */; };
		745C6BA928825FF100CBB7AA /* CatFactView.swift in Sources */ = {isa = PBXBuildFile; fileRef = 745C6BA828825FF100CBB7AA /* CatFactView.swift */; };
		745C6BAB2882601900CBB7AA /* CatImageView.swift in Sources */ = {isa = PBXBuildFile; fileRef = 745C6BAA2882601900CBB7AA /* CatImageView.swift */; };
		745C6BAD2882619F00CBB7AA /* CatFactManager.swift in Sources */ = {isa = PBXBuildFile; fileRef = 745C6BAC2882619F00CBB7AA /* CatFactManager.swift */; };
		745C6BAF288262AD00CBB7AA /* CatFact.swift in Sources */ = {isa = PBXBuildFile; fileRef = 745C6BAE288262AD00CBB7AA /* CatFact.swift */; };
/* End PBXBuildFile section */

/* Begin PBXContainerItemProxy section */
		745C6B8C28825FD900CBB7AA /* PBXContainerItemProxy */ = {
			isa = PBXContainerItemProxy;
			containerPortal = 745C6B7328825FD600CBB7AA /* Project object */;
			proxyType = 1;
			remoteGlobalIDString = 745C6B7A28825FD600CBB7AA;
			remoteInfo = Meow;
		};
		745C6B9628825FD900CBB7AA /* PBXContainerItemProxy */ = {
			isa = PBXContainerItemProxy;
			containerPortal = 745C6B7328825FD600CBB7AA /* Project object */;
			proxyType = 1;
			remoteGlobalIDString = 745C6B7A28825FD600CBB7AA;
			remoteInfo = Meow;
		};
/* End PBXContainerItemProxy section */

/* Begin PBXFileReference section */
		745C6B7B28825FD600CBB7AA /* Meow.app */ = {isa = PBXFileReference; explicitFileType = wrapper.application; includeInIndex = 0; path = Meow.app; sourceTree = BUILT_PRODUCTS_DIR; };
		745C6B7E28825FD600CBB7AA /* MeowApp.swift */ = {isa = PBXFileReference; lastKnownFileType = sourcecode.swift; path = MeowApp.swift; sourceTree = "<group>"; };
		745C6B8028825FD600CBB7AA /* ContentView.swift */ = {isa = PBXFileReference; lastKnownFileType = sourcecode.swift; path = ContentView.swift; sourceTree = "<group>"; };
		745C6B8228825FD900CBB7AA /* Assets.xcassets */ = {isa = PBXFileReference; lastKnownFileType = folder.assetcatalog; path = Assets.xcassets; sourceTree = "<group>"; };
		745C6B8528825FD900CBB7AA /* Preview Assets.xcassets */ = {isa = PBXFileReference; lastKnownFileType = folder.assetcatalog; path = "Preview Assets.xcassets"; sourceTree = "<group>"; };
		745C6B8B28825FD900CBB7AA /* MeowTests.xctest */ = {isa = PBXFileReference; explicitFileType = wrapper.cfbundle; includeInIndex = 0; path = MeowTests.xctest; sourceTree = BUILT_PRODUCTS_DIR; };
		745C6B8F28825FD900CBB7AA /* MeowTests.swift */ = {isa = PBXFileReference; lastKnownFileType = sourcecode.swift; path = MeowTests.swift; sourceTree = "<group>"; };
		745C6B9528825FD900CBB7AA /* MeowUITests.xctest */ = {isa = PBXFileReference; explicitFileType = wrapper.cfbundle; includeInIndex = 0; path = MeowUITests.xctest; sourceTree = BUILT_PRODUCTS_DIR; };
		745C6B9928825FD900CBB7AA /* MeowUITests.swift */ = {isa = PBXFileReference; lastKnownFileType = sourcecode.swift; path = MeowUITests.swift; sourceTree = "<group>"; };
		745C6B9B28825FD900CBB7AA /* MeowUITestsLaunchTests.swift */ = {isa = PBXFileReference; lastKnownFileType = sourcecode.swift; path = MeowUITestsLaunchTests.swift; sourceTree = "<group>"; };
		745C6BA828825FF100CBB7AA /* CatFactView.swift */ = {isa = PBXFileReference; lastKnownFileType = sourcecode.swift; path = CatFactView.swift; sourceTree = "<group>"; };
		745C6BAA2882601900CBB7AA /* CatImageView.swift */ = {isa = PBXFileReference; lastKnownFileType = sourcecode.swift; path = CatImageView.swift; sourceTree = "<group>"; };
		745C6BAC2882619F00CBB7AA /* CatFactManager.swift */ = {isa = PBXFileReference; lastKnownFileType = sourcecode.swift; path = CatFactManager.swift; sourceTree = "<group>"; };
		745C6BAE288262AD00CBB7AA /* CatFact.swift */ = {isa = PBXFileReference; lastKnownFileType = sourcecode.swift; path = CatFact.swift; sourceTree = "<group>"; };
/* End PBXFileReference section */

/* Begin PBXFrameworksBuildPhase section */
		745C6B7828825FD600CBB7AA /* Frameworks */ = {
			isa = PBXFrameworksBuildPhase;
			buildActionMask = 2147483647;
			files = (
			);
			runOnlyForDeploymentPostprocessing = 0;
		};
		745C6B8828825FD900CBB7AA /* Frameworks */ = {
			isa = PBXFrameworksBuildPhase;
			buildActionMask = 2147483647;
			files = (
			);
			runOnlyForDeploymentPostprocessing = 0;
		};
		745C6B9228825FD900CBB7AA /* Frameworks */ = {
			isa = PBXFrameworksBuildPhase;
			buildActionMask = 2147483647;
			files = (
			);
			runOnlyForDeploymentPostprocessing = 0;
		};
/* End PBXFrameworksBuildPhase section */

/* Begin PBXGroup section */
		745C6B7228825FD600CBB7AA = {
			isa = PBXGroup;
			children = (
				745C6B7D28825FD600CBB7AA /* Meow */,
				745C6B8E28825FD900CBB7AA /* MeowTests */,
				745C6B9828825FD900CBB7AA /* MeowUITests */,
				745C6B7C28825FD600CBB7AA /* Products */,
			);
			sourceTree = "<group>";
		};
		745C6B7C28825FD600CBB7AA /* Products */ = {
			isa = PBXGroup;
			children = (
				745C6B7B28825FD600CBB7AA /* Meow.app */,
				745C6B8B28825FD900CBB7AA /* MeowTests.xctest */,
				745C6B9528825FD900CBB7AA /* MeowUITests.xctest */,
			);
			name = Products;
			sourceTree = "<group>";
		};
		745C6B7D28825FD600CBB7AA /* Meow */ = {
			isa = PBXGroup;
			children = (
				745C6B7E28825FD600CBB7AA /* MeowApp.swift */,
				745C6B8028825FD600CBB7AA /* ContentView.swift */,
				745C6BAC2882619F00CBB7AA /* CatFactManager.swift */,
				745C6BAE288262AD00CBB7AA /* CatFact.swift */,
				745C6BA828825FF100CBB7AA /* CatFactView.swift */,
				745C6BAA2882601900CBB7AA /* CatImageView.swift */,
				745C6B8228825FD900CBB7AA /* Assets.xcassets */,
				745C6B8428825FD900CBB7AA /* Preview Content */,
			);
			path = Meow;
			sourceTree = "<group>";
		};
		745C6B8428825FD900CBB7AA /* Preview Content */ = {
			isa = PBXGroup;
			children = (
				745C6B8528825FD900CBB7AA /* Preview Assets.xcassets */,
			);
			path = "Preview Content";
			sourceTree = "<group>";
		};
		745C6B8E28825FD900CBB7AA /* MeowTests */ = {
			isa = PBXGroup;
			children = (
				745C6B8F28825FD900CBB7AA /* MeowTests.swift */,
			);
			path = MeowTests;
			sourceTree = "<group>";
		};
		745C6B9828825FD900CBB7AA /* MeowUITests */ = {
			isa = PBXGroup;
			children = (
				745C6B9928825FD900CBB7AA /* MeowUITests.swift */,
				745C6B9B28825FD900CBB7AA /* MeowUITestsLaunchTests.swift */,
			);
			path = MeowUITests;
			sourceTree = "<group>";
		};
/* End PBXGroup section */

/* Begin PBXNativeTarget section */
		745C6B7A28825FD600CBB7AA /* Meow */ = {
			isa = PBXNativeTarget;
			buildConfigurationList = 745C6B9F28825FD900CBB7AA /* Build configuration list for PBXNativeTarget "Meow" */;
			buildPhases = (
				745C6B7728825FD600CBB7AA /* Sources */,
				745C6B7828825FD600CBB7AA /* Frameworks */,
				745C6B7928825FD600CBB7AA /* Resources */,
			);
			buildRules = (
			);
			dependencies = (
			);
			name = Meow;
			productName = Meow;
			productReference = 745C6B7B28825FD600CBB7AA /* Meow.app */;
			productType = "com.apple.product-type.application";
		};
		745C6B8A28825FD900CBB7AA /* MeowTests */ = {
			isa = PBXNativeTarget;
			buildConfigurationList = 745C6BA228825FD900CBB7AA /* Build configuration list for PBXNativeTarget "MeowTests" */;
			buildPhases = (
				745C6B8728825FD900CBB7AA /* Sources */,
				745C6B8828825FD900CBB7AA /* Frameworks */,
				745C6B8928825FD900CBB7AA /* Resources */,
			);
			buildRules = (
			);
			dependencies = (
				745C6B8D28825FD900CBB7AA /* PBXTargetDependency */,
			);
			name = MeowTests;
			productName = MeowTests;
			productReference = 745C6B8B28825FD900CBB7AA /* MeowTests.xctest */;
			productType = "com.apple.product-type.bundle.unit-test";
		};
		745C6B9428825FD900CBB7AA /* MeowUITests */ = {
			isa = PBXNativeTarget;
			buildConfigurationList = 745C6BA528825FD900CBB7AA /* Build configuration list for PBXNativeTarget "MeowUITests" */;
			buildPhases = (
				745C6B9128825FD900CBB7AA /* Sources */,
				745C6B9228825FD900CBB7AA /* Frameworks */,
				745C6B9328825FD900CBB7AA /* Resources */,
			);
			buildRules = (
			);
			dependencies = (
				745C6B9728825FD900CBB7AA /* PBXTargetDependency */,
			);
			name = MeowUITests;
			productName = MeowUITests;
			productReference = 745C6B9528825FD900CBB7AA /* MeowUITests.xctest */;
			productType = "com.apple.product-type.bundle.ui-testing";
		};
/* End PBXNativeTarget section */

/* Begin PBXProject section */
		745C6B7328825FD600CBB7AA /* Project object */ = {
			isa = PBXProject;
			attributes = {
				BuildIndependentTargetsInParallel = 1;
				LastSwiftUpdateCheck = 1340;
				LastUpgradeCheck = 1340;
				TargetAttributes = {
					745C6B7A28825FD600CBB7AA = {
						CreatedOnToolsVersion = 13.4.1;
					};
					745C6B8A28825FD900CBB7AA = {
						CreatedOnToolsVersion = 13.4.1;
						TestTargetID = 745C6B7A28825FD600CBB7AA;
					};
					745C6B9428825FD900CBB7AA = {
						CreatedOnToolsVersion = 13.4.1;
						TestTargetID = 745C6B7A28825FD600CBB7AA;
					};
				};
			};
			buildConfigurationList = 745C6B7628825FD600CBB7AA /* Build configuration list for PBXProject "Meow" */;
			compatibilityVersion = "Xcode 13.0";
			developmentRegion = en;
			hasScannedForEncodings = 0;
			knownRegions = (
				en,
				Base,
			);
			mainGroup = 745C6B7228825FD600CBB7AA;
			productRefGroup = 745C6B7C28825FD600CBB7AA /* Products */;
			projectDirPath = "";
			projectRoot = "";
			targets = (
				745C6B7A28825FD600CBB7AA /* Meow */,
				745C6B8A28825FD900CBB7AA /* MeowTests */,
				745C6B9428825FD900CBB7AA /* MeowUITests */,
			);
		};
/* End PBXProject section */

/* Begin PBXResourcesBuildPhase section */
		745C6B7928825FD600CBB7AA /* Resources */ = {
			isa = PBXResourcesBuildPhase;
			buildActionMask = 2147483647;
			files = (
				745C6B8628825FD900CBB7AA /* Preview Assets.xcassets in Resources */,
				745C6B8328825FD900CBB7AA /* Assets.xcassets in Resources */,
			);
			runOnlyForDeploymentPostprocessing = 0;
		};
		745C6B8928825FD900CBB7AA /* Resources */ = {
			isa = PBXResourcesBuildPhase;
			buildActionMask = 2147483647;
			files = (
			);
			runOnlyForDeploymentPostprocessing = 0;
		};
		745C6B9328825FD900CBB7AA /* Resources */ = {
			isa = PBXResourcesBuildPhase;
			buildActionMask = 2147483647;
			files = (
			);
			runOnlyForDeploymentPostprocessing = 0;
		};
/* End PBXResourcesBuildPhase section */

/* Begin PBXSourcesBuildPhase section */
		745C6B7728825FD600CBB7AA /* Sources */ = {
			isa = PBXSourcesBuildPhase;
			buildActionMask = 2147483647;
			files = (
				745C6B8128825FD600CBB7AA /* ContentView.swift in Sources */,
				745C6BA928825FF100CBB7AA /* CatFactView.swift in Sources */,
				745C6BAF288262AD00CBB7AA /* CatFact.swift in Sources */,
				745C6BAD2882619F00CBB7AA /* CatFactManager.swift in Sources */,
				745C6B7F28825FD600CBB7AA /* MeowApp.swift in Sources */,
				745C6BAB2882601900CBB7AA /* CatImageView.swift in Sources */,
			);
			runOnlyForDeploymentPostprocessing = 0;
		};
		745C6B8728825FD900CBB7AA /* Sources */ = {
			isa = PBXSourcesBuildPhase;
			buildActionMask = 2147483647;
			files = (
				745C6B9028825FD900CBB7AA /* MeowTests.swift in Sources */,
			);
			runOnlyForDeploymentPostprocessing = 0;
		};
		745C6B9128825FD900CBB7AA /* Sources */ = {
			isa = PBXSourcesBuildPhase;
			buildActionMask = 2147483647;
			files = (
				745C6B9C28825FD900CBB7AA /* MeowUITestsLaunchTests.swift in Sources */,
				745C6B9A28825FD900CBB7AA /* MeowUITests.swift in Sources */,
			);
			runOnlyForDeploymentPostprocessing = 0;
		};
/* End PBXSourcesBuildPhase section */

/* Begin PBXTargetDependency section */
		745C6B8D28825FD900CBB7AA /* PBXTargetDependency */ = {
			isa = PBXTargetDependency;
			target = 745C6B7A28825FD600CBB7AA /* Meow */;
			targetProxy = 745C6B8C28825FD900CBB7AA /* PBXContainerItemProxy */;
		};
		745C6B9728825FD900CBB7AA /* PBXTargetDependency */ = {
			isa = PBXTargetDependency;
			target = 745C6B7A28825FD600CBB7AA /* Meow */;
			targetProxy = 745C6B9628825FD900CBB7AA /* PBXContainerItemProxy */;
		};
/* End PBXTargetDependency section */

/* Begin XCBuildConfiguration section */
		745C6B9D28825FD900CBB7AA /* Debug */ = {
			isa = XCBuildConfiguration;
			buildSettings = {
				ALWAYS_SEARCH_USER_PATHS = NO;
				CLANG_ANALYZER_NONNULL = YES;
				CLANG_ANALYZER_NUMBER_OBJECT_CONVERSION = YES_AGGRESSIVE;
				CLANG_CXX_LANGUAGE_STANDARD = "gnu++17";
				CLANG_ENABLE_MODULES = YES;
				CLANG_ENABLE_OBJC_ARC = YES;
				CLANG_ENABLE_OBJC_WEAK = YES;
				CLANG_WARN_BLOCK_CAPTURE_AUTORELEASING = YES;
				CLANG_WARN_BOOL_CONVERSION = YES;
				CLANG_WARN_COMMA = YES;
				CLANG_WARN_CONSTANT_CONVERSION = YES;
				CLANG_WARN_DEPRECATED_OBJC_IMPLEMENTATIONS = YES;
				CLANG_WARN_DIRECT_OBJC_ISA_USAGE = YES_ERROR;
				CLANG_WARN_DOCUMENTATION_COMMENTS = YES;
				CLANG_WARN_EMPTY_BODY = YES;
				CLANG_WARN_ENUM_CONVERSION = YES;
				CLANG_WARN_INFINITE_RECURSION = YES;
				CLANG_WARN_INT_CONVERSION = YES;
				CLANG_WARN_NON_LITERAL_NULL_CONVERSION = YES;
				CLANG_WARN_OBJC_IMPLICIT_RETAIN_SELF = YES;
				CLANG_WARN_OBJC_LITERAL_CONVERSION = YES;
				CLANG_WARN_OBJC_ROOT_CLASS = YES_ERROR;
				CLANG_WARN_QUOTED_INCLUDE_IN_FRAMEWORK_HEADER = YES;
				CLANG_WARN_RANGE_LOOP_ANALYSIS = YES;
				CLANG_WARN_STRICT_PROTOTYPES = YES;
				CLANG_WARN_SUSPICIOUS_MOVE = YES;
				CLANG_WARN_UNGUARDED_AVAILABILITY = YES_AGGRESSIVE;
				CLANG_WARN_UNREACHABLE_CODE = YES;
				CLANG_WARN__DUPLICATE_METHOD_MATCH = YES;
				COPY_PHASE_STRIP = NO;
				DEBUG_INFORMATION_FORMAT = dwarf;
				ENABLE_STRICT_OBJC_MSGSEND = YES;
				ENABLE_TESTABILITY = YES;
				GCC_C_LANGUAGE_STANDARD = gnu11;
				GCC_DYNAMIC_NO_PIC = NO;
				GCC_NO_COMMON_BLOCKS = YES;
				GCC_OPTIMIZATION_LEVEL = 0;
				GCC_PREPROCESSOR_DEFINITIONS = (
					"DEBUG=1",
					"$(inherited)",
				);
				GCC_WARN_64_TO_32_BIT_CONVERSION = YES;
				GCC_WARN_ABOUT_RETURN_TYPE = YES_ERROR;
				GCC_WARN_UNDECLARED_SELECTOR = YES;
				GCC_WARN_UNINITIALIZED_AUTOS = YES_AGGRESSIVE;
				GCC_WARN_UNUSED_FUNCTION = YES;
				GCC_WARN_UNUSED_VARIABLE = YES;
				IPHONEOS_DEPLOYMENT_TARGET = 15.5;
				MTL_ENABLE_DEBUG_INFO = INCLUDE_SOURCE;
				MTL_FAST_MATH = YES;
				ONLY_ACTIVE_ARCH = YES;
				SDKROOT = iphoneos;
				SWIFT_ACTIVE_COMPILATION_CONDITIONS = DEBUG;
				SWIFT_OPTIMIZATION_LEVEL = "-Onone";
			};
			name = Debug;
		};
		745C6B9E28825FD900CBB7AA /* Release */ = {
			isa = XCBuildConfiguration;
			buildSettings = {
				ALWAYS_SEARCH_USER_PATHS = NO;
				CLANG_ANALYZER_NONNULL = YES;
				CLANG_ANALYZER_NUMBER_OBJECT_CONVERSION = YES_AGGRESSIVE;
				CLANG_CXX_LANGUAGE_STANDARD = "gnu++17";
				CLANG_ENABLE_MODULES = YES;
				CLANG_ENABLE_OBJC_ARC = YES;
				CLANG_ENABLE_OBJC_WEAK = YES;
				CLANG_WARN_BLOCK_CAPTURE_AUTORELEASING = YES;
				CLANG_WARN_BOOL_CONVERSION = YES;
				CLANG_WARN_COMMA = YES;
				CLANG_WARN_CONSTANT_CONVERSION = YES;
				CLANG_WARN_DEPRECATED_OBJC_IMPLEMENTATIONS = YES;
				CLANG_WARN_DIRECT_OBJC_ISA_USAGE = YES_ERROR;
				CLANG_WARN_DOCUMENTATION_COMMENTS = YES;
				CLANG_WARN_EMPTY_BODY = YES;
				CLANG_WARN_ENUM_CONVERSION = YES;
				CLANG_WARN_INFINITE_RECURSION = YES;
				CLANG_WARN_INT_CONVERSION = YES;
				CLANG_WARN_NON_LITERAL_NULL_CONVERSION = YES;
				CLANG_WARN_OBJC_IMPLICIT_RETAIN_SELF = YES;
				CLANG_WARN_OBJC_LITERAL_CONVERSION = YES;
				CLANG_WARN_OBJC_ROOT_CLASS = YES_ERROR;
				CLANG_WARN_QUOTED_INCLUDE_IN_FRAMEWORK_HEADER = YES;
				CLANG_WARN_RANGE_LOOP_ANALYSIS = YES;
				CLANG_WARN_STRICT_PROTOTYPES = YES;
				CLANG_WARN_SUSPICIOUS_MOVE = YES;
				CLANG_WARN_UNGUARDED_AVAILABILITY = YES_AGGRESSIVE;
				CLANG_WARN_UNREACHABLE_CODE = YES;
				CLANG_WARN__DUPLICATE_METHOD_MATCH = YES;
				COPY_PHASE_STRIP = NO;
				DEBUG_INFORMATION_FORMAT = "dwarf-with-dsym";
				ENABLE_NS_ASSERTIONS = NO;
				ENABLE_STRICT_OBJC_MSGSEND = YES;
				GCC_C_LANGUAGE_STANDARD = gnu11;
				GCC_NO_COMMON_BLOCKS = YES;
				GCC_WARN_64_TO_32_BIT_CONVERSION = YES;
				GCC_WARN_ABOUT_RETURN_TYPE = YES_ERROR;
				GCC_WARN_UNDECLARED_SELECTOR = YES;
				GCC_WARN_UNINITIALIZED_AUTOS = YES_AGGRESSIVE;
				GCC_WARN_UNUSED_FUNCTION = YES;
				GCC_WARN_UNUSED_VARIABLE = YES;
				IPHONEOS_DEPLOYMENT_TARGET = 15.5;
				MTL_ENABLE_DEBUG_INFO = NO;
				MTL_FAST_MATH = YES;
				SDKROOT = iphoneos;
				SWIFT_COMPILATION_MODE = wholemodule;
				SWIFT_OPTIMIZATION_LEVEL = "-O";
				VALIDATE_PRODUCT = YES;
			};
			name = Release;
		};
		745C6BA028825FD900CBB7AA /* Debug */ = {
			isa = XCBuildConfiguration;
			buildSettings = {
				ASSETCATALOG_COMPILER_APPICON_NAME = AppIcon;
				ASSETCATALOG_COMPILER_GLOBAL_ACCENT_COLOR_NAME = AccentColor;
				CODE_SIGN_STYLE = Automatic;
				CURRENT_PROJECT_VERSION = 1;
				DEVELOPMENT_ASSET_PATHS = "\"Meow/Preview Content\"";
				ENABLE_PREVIEWS = YES;
				GENERATE_INFOPLIST_FILE = YES;
				INFOPLIST_KEY_UIApplicationSceneManifest_Generation = YES;
				INFOPLIST_KEY_UIApplicationSupportsIndirectInputEvents = YES;
				INFOPLIST_KEY_UILaunchScreen_Generation = YES;
				INFOPLIST_KEY_UISupportedInterfaceOrientations_iPad = "UIInterfaceOrientationPortrait UIInterfaceOrientationPortraitUpsideDown UIInterfaceOrientationLandscapeLeft UIInterfaceOrientationLandscapeRight";
				INFOPLIST_KEY_UISupportedInterfaceOrientations_iPhone = "UIInterfaceOrientationPortrait UIInterfaceOrientationLandscapeLeft UIInterfaceOrientationLandscapeRight";
				LD_RUNPATH_SEARCH_PATHS = (
					"$(inherited)",
					"@executable_path/Frameworks",
				);
				MARKETING_VERSION = 1.0;
				PRODUCT_BUNDLE_IDENTIFIER = tk.sg.Meow;
				PRODUCT_NAME = "$(TARGET_NAME)";
				SWIFT_EMIT_LOC_STRINGS = YES;
				SWIFT_VERSION = 5.0;
				TARGETED_DEVICE_FAMILY = "1,2";
			};
			name = Debug;
		};
		745C6BA128825FD900CBB7AA /* Release */ = {
			isa = XCBuildConfiguration;
			buildSettings = {
				ASSETCATALOG_COMPILER_APPICON_NAME = AppIcon;
				ASSETCATALOG_COMPILER_GLOBAL_ACCENT_COLOR_NAME = AccentColor;
				CODE_SIGN_STYLE = Automatic;
				CURRENT_PROJECT_VERSION = 1;
				DEVELOPMENT_ASSET_PATHS = "\"Meow/Preview Content\"";
				ENABLE_PREVIEWS = YES;
				GENERATE_INFOPLIST_FILE = YES;
				INFOPLIST_KEY_UIApplicationSceneManifest_Generation = YES;
				INFOPLIST_KEY_UIApplicationSupportsIndirectInputEvents = YES;
				INFOPLIST_KEY_UILaunchScreen_Generation = YES;
				INFOPLIST_KEY_UISupportedInterfaceOrientations_iPad = "UIInterfaceOrientationPortrait UIInterfaceOrientationPortraitUpsideDown UIInterfaceOrientationLandscapeLeft UIInterfaceOrientationLandscapeRight";
				INFOPLIST_KEY_UISupportedInterfaceOrientations_iPhone = "UIInterfaceOrientationPortrait UIInterfaceOrientationLandscapeLeft UIInterfaceOrientationLandscapeRight";
				LD_RUNPATH_SEARCH_PATHS = (
					"$(inherited)",
					"@executable_path/Frameworks",
				);
				MARKETING_VERSION = 1.0;
				PRODUCT_BUNDLE_IDENTIFIER = tk.sg.Meow;
				PRODUCT_NAME = "$(TARGET_NAME)";
				SWIFT_EMIT_LOC_STRINGS = YES;
				SWIFT_VERSION = 5.0;
				TARGETED_DEVICE_FAMILY = "1,2";
			};
			name = Release;
		};
		745C6BA328825FD900CBB7AA /* Debug */ = {
			isa = XCBuildConfiguration;
			buildSettings = {
				ALWAYS_EMBED_SWIFT_STANDARD_LIBRARIES = YES;
				BUNDLE_LOADER = "$(TEST_HOST)";
				CODE_SIGN_STYLE = Automatic;
				CURRENT_PROJECT_VERSION = 1;
				GENERATE_INFOPLIST_FILE = YES;
				IPHONEOS_DEPLOYMENT_TARGET = 15.5;
				MARKETING_VERSION = 1.0;
				PRODUCT_BUNDLE_IDENTIFIER = tk.sg.MeowTests;
				PRODUCT_NAME = "$(TARGET_NAME)";
				SWIFT_EMIT_LOC_STRINGS = NO;
				SWIFT_VERSION = 5.0;
				TARGETED_DEVICE_FAMILY = "1,2";
				TEST_HOST = "$(BUILT_PRODUCTS_DIR)/Meow.app/Meow";
			};
			name = Debug;
		};
		745C6BA428825FD900CBB7AA /* Release */ = {
			isa = XCBuildConfiguration;
			buildSettings = {
				ALWAYS_EMBED_SWIFT_STANDARD_LIBRARIES = YES;
				BUNDLE_LOADER = "$(TEST_HOST)";
				CODE_SIGN_STYLE = Automatic;
				CURRENT_PROJECT_VERSION = 1;
				GENERATE_INFOPLIST_FILE = YES;
				IPHONEOS_DEPLOYMENT_TARGET = 15.5;
				MARKETING_VERSION = 1.0;
				PRODUCT_BUNDLE_IDENTIFIER = tk.sg.MeowTests;
				PRODUCT_NAME = "$(TARGET_NAME)";
				SWIFT_EMIT_LOC_STRINGS = NO;
				SWIFT_VERSION = 5.0;
				TARGETED_DEVICE_FAMILY = "1,2";
				TEST_HOST = "$(BUILT_PRODUCTS_DIR)/Meow.app/Meow";
			};
			name = Release;
		};
		745C6BA628825FD900CBB7AA /* Debug */ = {
			isa = XCBuildConfiguration;
			buildSettings = {
				ALWAYS_EMBED_SWIFT_STANDARD_LIBRARIES = YES;
				CODE_SIGN_STYLE = Automatic;
				CURRENT_PROJECT_VERSION = 1;
				GENERATE_INFOPLIST_FILE = YES;
				MARKETING_VERSION = 1.0;
				PRODUCT_BUNDLE_IDENTIFIER = tk.sg.MeowUITests;
				PRODUCT_NAME = "$(TARGET_NAME)";
				SWIFT_EMIT_LOC_STRINGS = NO;
				SWIFT_VERSION = 5.0;
				TARGETED_DEVICE_FAMILY = "1,2";
				TEST_TARGET_NAME = Meow;
			};
			name = Debug;
		};
		745C6BA728825FD900CBB7AA /* Release */ = {
			isa = XCBuildConfiguration;
			buildSettings = {
				ALWAYS_EMBED_SWIFT_STANDARD_LIBRARIES = YES;
				CODE_SIGN_STYLE = Automatic;
				CURRENT_PROJECT_VERSION = 1;
				GENERATE_INFOPLIST_FILE = YES;
				MARKETING_VERSION = 1.0;
				PRODUCT_BUNDLE_IDENTIFIER = tk.sg.MeowUITests;
				PRODUCT_NAME = "$(TARGET_NAME)";
				SWIFT_EMIT_LOC_STRINGS = NO;
				SWIFT_VERSION = 5.0;
				TARGETED_DEVICE_FAMILY = "1,2";
				TEST_TARGET_NAME = Meow;
			};
			name = Release;
		};
/* End XCBuildConfiguration section */

/* Begin XCConfigurationList section */
		745C6B7628825FD600CBB7AA /* Build configuration list for PBXProject "Meow" */ = {
			isa = XCConfigurationList;
			buildConfigurations = (
				745C6B9D28825FD900CBB7AA /* Debug */,
				745C6B9E28825FD900CBB7AA /* Release */,
			);
			defaultConfigurationIsVisible = 0;
			defaultConfigurationName = Release;
		};
		745C6B9F28825FD900CBB7AA /* Build configuration list for PBXNativeTarget "Meow" */ = {
			isa = XCConfigurationList;
			buildConfigurations = (
				745C6BA028825FD900CBB7AA /* Debug */,
				745C6BA128825FD900CBB7AA /* Release */,
			);
			defaultConfigurationIsVisible = 0;
			defaultConfigurationName = Release;
		};
		745C6BA228825FD900CBB7AA /* Build configuration list for PBXNativeTarget "MeowTests" */ = {
			isa = XCConfigurationList;
			buildConfigurations = (
				745C6BA328825FD900CBB7AA /* Debug */,
				745C6BA428825FD900CBB7AA /* Release */,
			);
			defaultConfigurationIsVisible = 0;
			defaultConfigurationName = Release;
		};
		745C6BA528825FD900CBB7AA /* Build configuration list for PBXNativeTarget "MeowUITests" */ = {
			isa = XCConfigurationList;
			buildConfigurations = (
				745C6BA628825FD900CBB7AA /* Debug */,
				745C6BA728825FD900CBB7AA /* Release */,
			);
			defaultConfigurationIsVisible = 0;
			defaultConfigurationName = Release;
		};
/* End XCConfigurationList section */
	};
	rootObject = 745C6B7328825FD600CBB7AA /* Project object */;
}
